
Microsoft Visual Studio Solution File, Format Version 12.00
# Visual Studio Version 16
VisualStudioVersion = 16.0.30804.86
MinimumVisualStudioVersion = 10.0.40219.1
Project("{FAE04EC0-301F-11D3-BF4B-00C04F79EFBC}") = "Lesson2-2", "Lesson2-2\Lesson2-2.csproj", "{EF7447F2-BE0C-4B98-AECC-0B8A48EC326E}"
EndProject
Global
	GlobalSection(SolutionConfigurationPlatforms) = preSolution
		Debug|Any CPU = Debug|Any CPU
		Release|Any CPU = Release|Any CPU
	EndGlobalSection
	GlobalSection(ProjectConfigurationPlatforms) = postSolution
		{EF7447F2-BE0C-4B98-AECC-0B8A48EC326E}.Debug|Any CPU.ActiveCfg = Debug|Any CPU
		{EF7447F2-BE0C-4B98-AECC-0B8A48EC326E}.Debug|Any CPU.Build.0 = Debug|Any CPU
		{EF7447F2-BE0C-4B98-AECC-0B8A48EC326E}.Release|Any CPU.ActiveCfg = Release|Any CPU
		{EF7447F2-BE0C-4B98-AECC-0B8A48EC326E}.Release|Any CPU.Build.0 = Release|Any CPU
	EndGlobalSection
	GlobalSection(SolutionProperties) = preSolution
		HideSolutionNode = FALSE
	EndGlobalSection
	GlobalSection(ExtensibilityGlobals) = postSolution
		SolutionGuid = {90B686FF-34DA-45A3-8D09-AA2FEEB410D9}
	EndGlobalSection
EndGlobal
